// !$*UTF8*$!
{
	archiveVersion = 1;
	classes = {
	};
	objectVersion = 46;
	objects = {

/* Begin PBXBuildFile section */
		1EAA86321E44D6C800065226 /* main.m in Sources */ = {isa = PBXBuildFile; fileRef = 1EAA86311E44D6C800065226 /* main.m */; };
		1EAA86351E44D6C800065226 /* AppDelegate.m in Sources */ = {isa = PBXBuildFile; fileRef = 1EAA86341E44D6C800065226 /* AppDelegate.m */; };
		1EAA86381E44D6C800065226 /* HomeViewController.m in Sources */ = {isa = PBXBuildFile; fileRef = 1EAA86371E44D6C800065226 /* HomeViewController.m */; };
		1EAA863B1E44D6C800065226 /* Main.storyboard in Resources */ = {isa = PBXBuildFile; fileRef = 1EAA86391E44D6C800065226 /* Main.storyboard */; };
		1EAA863E1E44D6C800065226 /* HYN.xcdatamodeld in Sources */ = {isa = PBXBuildFile; fileRef = 1EAA863C1E44D6C800065226 /* HYN.xcdatamodeld */; };
		1EAA86401E44D6C800065226 /* Assets.xcassets in Resources */ = {isa = PBXBuildFile; fileRef = 1EAA863F1E44D6C800065226 /* Assets.xcassets */; };
		1EAA86431E44D6C800065226 /* LaunchScreen.storyboard in Resources */ = {isa = PBXBuildFile; fileRef = 1EAA86411E44D6C800065226 /* LaunchScreen.storyboard */; };
/* End PBXBuildFile section */

/* Begin PBXFileReference section */
		1EAA862D1E44D6C800065226 /* HYN.app */ = {isa = PBXFileReference; explicitFileType = wrapper.application; includeInIndex = 0; path = HYN.app; sourceTree = BUILT_PRODUCTS_DIR; };
		1EAA86311E44D6C800065226 /* main.m */ = {isa = PBXFileReference; lastKnownFileType = sourcecode.c.objc; path = main.m; sourceTree = "<group>"; };
		1EAA86331E44D6C800065226 /* AppDelegate.h */ = {isa = PBXFileReference; lastKnownFileType = sourcecode.c.h; path = AppDelegate.h; sourceTree = "<group>"; };
		1EAA86341E44D6C800065226 /* AppDelegate.m */ = {isa = PBXFileReference; lastKnownFileType = sourcecode.c.objc; path = AppDelegate.m; sourceTree = "<group>"; };
		1EAA86361E44D6C800065226 /* HomeViewController.h */ = {isa = PBXFileReference; lastKnownFileType = sourcecode.c.h; path = HomeViewController.h; sourceTree = "<group>"; };
		1EAA86371E44D6C800065226 /* HomeViewController.m */ = {isa = PBXFileReference; lastKnownFileType = sourcecode.c.objc; path = HomeViewController.m; sourceTree = "<group>"; };
		1EAA863A1E44D6C800065226 /* Base */ = {isa = PBXFileReference; lastKnownFileType = file.storyboard; name = Base; path = Base.lproj/Main.storyboard; sourceTree = "<group>"; };
		1EAA863D1E44D6C800065226 /* HYN.xcdatamodel */ = {isa = PBXFileReference; lastKnownFileType = wrapper.xcdatamodel; path = HYN.xcdatamodel; sourceTree = "<group>"; };
		1EAA863F1E44D6C800065226 /* Assets.xcassets */ = {isa = PBXFileReference; lastKnownFileType = folder.assetcatalog; path = Assets.xcassets; sourceTree = "<group>"; };
		1EAA86421E44D6C800065226 /* Base */ = {isa = PBXFileReference; lastKnownFileType = file.storyboard; name = Base; path = Base.lproj/LaunchScreen.storyboard; sourceTree = "<group>"; };
		1EAA86441E44D6C800065226 /* Info.plist */ = {isa = PBXFileReference; lastKnownFileType = text.plist.xml; path = Info.plist; sourceTree = "<group>"; };
/* End PBXFileReference section */

/* Begin PBXFrameworksBuildPhase section */
		1EAA862A1E44D6C700065226 /* Frameworks */ = {
			isa = PBXFrameworksBuildPhase;
			buildActionMask = 2147483647;
			files = (
			);
			runOnlyForDeploymentPostprocessing = 0;
		};
/* End PBXFrameworksBuildPhase section */

/* Begin PBXGroup section */
		1EAA86241E44D6C700065226 = {
			isa = PBXGroup;
			children = (
				1EAA862F1E44D6C800065226 /* HYN */,
				1EAA862E1E44D6C800065226 /* Products */,
			);
			sourceTree = "<group>";
		};
		1EAA862E1E44D6C800065226 /* Products */ = {
			isa = PBXGroup;
			children = (
				1EAA862D1E44D6C800065226 /* HYN.app */,
			);
			name = Products;
			sourceTree = "<group>";
		};
		1EAA862F1E44D6C800065226 /* HYN */ = {
			isa = PBXGroup;
			children = (
				1EAA86331E44D6C800065226 /* AppDelegate.h */,
				1EAA86341E44D6C800065226 /* AppDelegate.m */,
				1EAA86361E44D6C800065226 /* HomeViewController.h */,
				1EAA86371E44D6C800065226 /* HomeViewController.m */,
				1EAA86391E44D6C800065226 /* Main.storyboard */,
				1EAA863F1E44D6C800065226 /* Assets.xcassets */,
				1EAA86411E44D6C800065226 /* LaunchScreen.storyboard */,
				1EAA86441E44D6C800065226 /* Info.plist */,
				1EAA863C1E44D6C800065226 /* HYN.xcdatamodeld */,
				1EAA86301E44D6C800065226 /* Supporting Files */,
			);
			path = HYN;
			sourceTree = "<group>";
		};
		1EAA86301E44D6C800065226 /* Supporting Files */ = {
			isa = PBXGroup;
			children = (
				1EAA86311E44D6C800065226 /* main.m */,
			);
			name = "Supporting Files";
			sourceTree = "<group>";
		};
/* End PBXGroup section */

/* Begin PBXNativeTarget section */
		1EAA862C1E44D6C700065226 /* HYN */ = {
			isa = PBXNativeTarget;
			buildConfigurationList = 1EAA86471E44D6C800065226 /* Build configuration list for PBXNativeTarget "HYN" */;
			buildPhases = (
				1EAA86291E44D6C700065226 /* Sources */,
				1EAA862A1E44D6C700065226 /* Frameworks */,
				1EAA862B1E44D6C700065226 /* Resources */,
			);
			buildRules = (
			);
			dependencies = (
			);
			name = HYN;
			productName = HYN;
			productReference = 1EAA862D1E44D6C800065226 /* HYN.app */;
			productType = "com.apple.product-type.application";
		};
/* End PBXNativeTarget section */

/* Begin PBXProject section */
		1EAA86251E44D6C700065226 /* Project object */ = {
			isa = PBXProject;
			attributes = {
				LastUpgradeCheck = 0820;
				ORGANIZATIONNAME = "이승희";
				TargetAttributes = {
					1EAA862C1E44D6C700065226 = {
						CreatedOnToolsVersion = 8.2.1;
						DevelopmentTeam = 7NMZQ5ZZP5;
						ProvisioningStyle = Automatic;
					};
				};
			};
			buildConfigurationList = 1EAA86281E44D6C700065226 /* Build configuration list for PBXProject "HYN" */;
			compatibilityVersion = "Xcode 3.2";
			developmentRegion = English;
			hasScannedForEncodings = 0;
			knownRegions = (
				en,
				Base,
			);
			mainGroup = 1EAA86241E44D6C700065226;
			productRefGroup = 1EAA862E1E44D6C800065226 /* Products */;
			projectDirPath = "";
			projectRoot = "";
			targets = (
				1EAA862C1E44D6C700065226 /* HYN */,
			);
		};
/* End PBXProject section */

/* Begin PBXResourcesBuildPhase section */
		1EAA862B1E44D6C700065226 /* Resources */ = {
			isa = PBXResourcesBuildPhase;
			buildActionMask = 2147483647;
			files = (
				1EAA86431E44D6C800065226 /* LaunchScreen.storyboard in Resources */,
				1EAA86401E44D6C800065226 /* Assets.xcassets in Resources */,
				1EAA863B1E44D6C800065226 /* Main.storyboard in Resources */,
			);
			runOnlyForDeploymentPostprocessing = 0;
		};
/* End PBXResourcesBuildPhase section */

/* Begin PBXSourcesBuildPhase section */
		1EAA86291E44D6C700065226 /* Sources */ = {
			isa = PBXSourcesBuildPhase;
			buildActionMask = 2147483647;
			files = (
				1EAA86381E44D6C800065226 /* HomeViewController.m in Sources */,
				1EAA86351E44D6C800065226 /* AppDelegate.m in Sources */,
				1EAA86321E44D6C800065226 /* main.m in Sources */,
				1EAA863E1E44D6C800065226 /* HYN.xcdatamodeld in Sources */,
			);
			runOnlyForDeploymentPostprocessing = 0;
		};
/* End PBXSourcesBuildPhase section */

/* Begin PBXVariantGroup section */
		1EAA86391E44D6C800065226 /* Main.storyboard */ = {
			isa = PBXVariantGroup;
			children = (
				1EAA863A1E44D6C800065226 /* Base */,
			);
			name = Main.storyboard;
			sourceTree = "<group>";
		};
		1EAA86411E44D6C800065226 /* LaunchScreen.storyboard */ = {
			isa = PBXVariantGroup;
			children = (
				1EAA86421E44D6C800065226 /* Base */,
			);
			name = LaunchScreen.storyboard;
			sourceTree = "<group>";
		};
/* End PBXVariantGroup section */

/* Begin XCBuildConfiguration section */
		1EAA86451E44D6C800065226 /* Debug */ = {
			isa = XCBuildConfiguration;
			buildSettings = {
				ALWAYS_SEARCH_USER_PATHS = NO;
				CLANG_ANALYZER_NONNULL = YES;
				CLANG_CXX_LANGUAGE_STANDARD = "gnu++0x";
				CLANG_CXX_LIBRARY = "libc++";
				CLANG_ENABLE_MODULES = YES;
				CLANG_ENABLE_OBJC_ARC = YES;
				CLANG_WARN_BOOL_CONVERSION = YES;
				CLANG_WARN_CONSTANT_CONVERSION = YES;
				CLANG_WARN_DIRECT_OBJC_ISA_USAGE = YES_ERROR;
				CLANG_WARN_DOCUMENTATION_COMMENTS = YES;
				CLANG_WARN_EMPTY_BODY = YES;
				CLANG_WARN_ENUM_CONVERSION = YES;
				CLANG_WARN_INFINITE_RECURSION = YES;
				CLANG_WARN_INT_CONVERSION = YES;
				CLANG_WARN_OBJC_ROOT_CLASS = YES_ERROR;
				CLANG_WARN_SUSPICIOUS_MOVE = YES;
				CLANG_WARN_UNREACHABLE_CODE = YES;
				CLANG_WARN__DUPLICATE_METHOD_MATCH = YES;
				"CODE_SIGN_IDENTITY[sdk=iphoneos*]" = "iPhone Developer";
				COPY_PHASE_STRIP = NO;
				DEBUG_INFORMATION_FORMAT = dwarf;
				ENABLE_STRICT_OBJC_MSGSEND = YES;
				ENABLE_TESTABILITY = YES;
				GCC_C_LANGUAGE_STANDARD = gnu99;
				GCC_DYNAMIC_NO_PIC = NO;
				GCC_NO_COMMON_BLOCKS = YES;
				GCC_OPTIMIZATION_LEVEL = 0;
				GCC_PREPROCESSOR_DEFINITIONS = (
					"DEBUG=1",
					"$(inherited)",
				);
				GCC_WARN_64_TO_32_BIT_CONVERSION = YES;
				GCC_WARN_ABOUT_RETURN_TYPE = YES_ERROR;
				GCC_WARN_UNDECLARED_SELECTOR = YES;
				GCC_WARN_UNINITIALIZED_AUTOS = YES_AGGRESSIVE;
				GCC_WARN_UNUSED_FUNCTION = YES;
				GCC_WARN_UNUSED_VARIABLE = YES;
				IPHONEOS_DEPLOYMENT_TARGET = 10.2;
				MTL_ENABLE_DEBUG_INFO = YES;
				ONLY_ACTIVE_ARCH = YES;
				SDKROOT = iphoneos;
			};
			name = Debug;
		};
		1EAA86461E44D6C800065226 /* Release */ = {
			isa = XCBuildConfiguration;
			buildSettings = {
				ALWAYS_SEARCH_USER_PATHS = NO;
				CLANG_ANALYZER_NONNULL = YES;
				CLANG_CXX_LANGUAGE_STANDARD = "gnu++0x";
				CLANG_CXX_LIBRARY = "libc++";
				CLANG_ENABLE_MODULES = YES;
				CLANG_ENABLE_OBJC_ARC = YES;
				CLANG_WARN_BOOL_CONVERSION = YES;
				CLANG_WARN_CONSTANT_CONVERSION = YES;
				CLANG_WARN_DIRECT_OBJC_ISA_USAGE = YES_ERROR;
				CLANG_WARN_DOCUMENTATION_COMMENTS = YES;
				CLANG_WARN_EMPTY_BODY = YES;
				CLANG_WARN_ENUM_CONVERSION = YES;
				CLANG_WARN_INFINITE_RECURSION = YES;
				CLANG_WARN_INT_CONVERSION = YES;
				CLANG_WARN_OBJC_ROOT_CLASS = YES_ERROR;
				CLANG_WARN_SUSPICIOUS_MOVE = YES;
				CLANG_WARN_UNREACHABLE_CODE = YES;
				CLANG_WARN__DUPLICATE_METHOD_MATCH = YES;
				"CODE_SIGN_IDENTITY[sdk=iphoneos*]" = "iPhone Developer";
				COPY_PHASE_STRIP = NO;
				DEBUG_INFORMATION_FORMAT = "dwarf-with-dsym";
				ENABLE_NS_ASSERTIONS = NO;
				ENABLE_STRICT_OBJC_MSGSEND = YES;
				GCC_C_LANGUAGE_STANDARD = gnu99;
				GCC_NO_COMMON_BLOCKS = YES;
				GCC_WARN_64_TO_32_BIT_CONVERSION = YES;
				GCC_WARN_ABOUT_RETURN_TYPE = YES_ERROR;
				GCC_WARN_UNDECLARED_SELECTOR = YES;
				GCC_WARN_UNINITIALIZED_AUTOS = YES_AGGRESSIVE;
				GCC_WARN_UNUSED_FUNCTION = YES;
				GCC_WARN_UNUSED_VARIABLE = YES;
				IPHONEOS_DEPLOYMENT_TARGET = 10.2;
				MTL_ENABLE_DEBUG_INFO = NO;
				SDKROOT = iphoneos;
				VALIDATE_PRODUCT = YES;
			};
			name = Release;
		};
		1EAA86481E44D6C800065226 /* Debug */ = {
			isa = XCBuildConfiguration;
			buildSettings = {
				ASSETCATALOG_COMPILER_APPICON_NAME = AppIcon;
				DEVELOPMENT_TEAM = 7NMZQ5ZZP5;
				INFOPLIST_FILE = HYN/Info.plist;
				LD_RUNPATH_SEARCH_PATHS = "$(inherited) @executable_path/Frameworks";
				PRODUCT_BUNDLE_IDENTIFIER = com.seunghee.HYN;
				PRODUCT_NAME = "$(TARGET_NAME)";
			};
			name = Debug;
		};
		1EAA86491E44D6C800065226 /* Release */ = {
			isa = XCBuildConfiguration;
			buildSettings = {
				ASSETCATALOG_COMPILER_APPICON_NAME = AppIcon;
				DEVELOPMENT_TEAM = 7NMZQ5ZZP5;
				INFOPLIST_FILE = HYN/Info.plist;
				LD_RUNPATH_SEARCH_PATHS = "$(inherited) @executable_path/Frameworks";
				PRODUCT_BUNDLE_IDENTIFIER = com.seunghee.HYN;
				PRODUCT_NAME = "$(TARGET_NAME)";
			};
			name = Release;
		};
/* End XCBuildConfiguration section */

/* Begin XCConfigurationList section */
		1EAA86281E44D6C700065226 /* Build configuration list for PBXProject "HYN" */ = {
			isa = XCConfigurationList;
			buildConfigurations = (
				1EAA86451E44D6C800065226 /* Debug */,
				1EAA86461E44D6C800065226 /* Release */,
			);
			defaultConfigurationIsVisible = 0;
			defaultConfigurationName = Release;
		};
		1EAA86471E44D6C800065226 /* Build configuration list for PBXNativeTarget "HYN" */ = {
			isa = XCConfigurationList;
			buildConfigurations = (
				1EAA86481E44D6C800065226 /* Debug */,
				1EAA86491E44D6C800065226 /* Release */,
			);
			defaultConfigurationIsVisible = 0;
			defaultConfigurationName = Release;
		};
/* End XCConfigurationList section */

/* Begin XCVersionGroup section */
		1EAA863C1E44D6C800065226 /* HYN.xcdatamodeld */ = {
			isa = XCVersionGroup;
			children = (
				1EAA863D1E44D6C800065226 /* HYN.xcdatamodel */,
			);
			currentVersion = 1EAA863D1E44D6C800065226 /* HYN.xcdatamodel */;
			path = HYN.xcdatamodeld;
			sourceTree = "<group>";
			versionGroupType = wrapper.xcdatamodel;
		};
/* End XCVersionGroup section */
	};
	rootObject = 1EAA86251E44D6C700065226 /* Project object */;
}
